{
  "name": "React Shedular",
  "lockfileVersion": 2,
  "requires": true,
  "packages": {
    "": {
      "dependencies": {
        "@syncfusion/ej2-react-schedule": "^19.4.48"
      }
    },
    "node_modules/@syncfusion/ej2-base": {
      "version": "19.4.48",
      "resolved": "https://registry.npmjs.org/@syncfusion/ej2-base/-/ej2-base-19.4.48.tgz",
      "integrity": "sha512-DQ9YXjJoSIM60rTriUJKTkMAACOsW8PTw5hPgujFSPKmLJW1h0jEDFLNvSqyyi0IaDAlStcu+dWrp+mMtaDD9Q==",
      "dependencies": {
        "@syncfusion/ej2-icons": "~19.4.48"
      }
    },
    "node_modules/@syncfusion/ej2-buttons": {
      "version": "19.4.48",
      "resolved": "https://registry.npmjs.org/@syncfusion/ej2-buttons/-/ej2-buttons-19.4.48.tgz",
      "integrity": "sha512-846HQBp4Om6GT1Er6jjv36PafQBKCjqXg/65bHb1cq7nuvk3UMwOJSGc0J6AqGzcqsa2oCMPejtBx+UshxMymQ==",
      "dependencies": {
        "@syncfusion/ej2-base": "~19.4.48"
      }
    },
    "node_modules/@syncfusion/ej2-calendars": {
      "version": "19.4.48",
      "resolved": "https://registry.npmjs.org/@syncfusion/ej2-calendars/-/ej2-calendars-19.4.48.tgz",
      "integrity": "sha512-X1ox3rybaIBsRtri4AwDb+smF/msD8xJTEjurQVB/aWMJ1008hK+zvXecManW/S/mz4d8Od/++G5XI71JDQMyg==",
      "dependencies": {
        "@syncfusion/ej2-base": "~19.4.48",
        "@syncfusion/ej2-buttons": "~19.4.48",
        "@syncfusion/ej2-inputs": "~19.4.48",
        "@syncfusion/ej2-lists": "~19.4.48",
        "@syncfusion/ej2-popups": "~19.4.48"
      }
    },
    "node_modules/@syncfusion/ej2-compression": {
      "version": "19.4.48",
      "resolved": "https://registry.npmjs.org/@syncfusion/ej2-compression/-/ej2-compression-19.4.48.tgz",
      "integrity": "sha512-fx450+5e8K9QVEHJSvOelPfFzpTB8sPcztb+97sBDHWw/KG54cNbd2NZb0xX+c9w1F40F0EclhNPFj/oO/NHsQ==",
      "dependencies": {
        "@syncfusion/ej2-file-utils": "~19.4.48"
      }
    },
    "node_modules/@syncfusion/ej2-data": {
      "version": "19.4.48",
      "resolved": "https://registry.npmjs.org/@syncfusion/ej2-data/-/ej2-data-19.4.48.tgz",
      "integrity": "sha512-cLRqDSuddCPFgqCtoNa0Al9BBGyH5eDiGtgnRbxjhnETkFmND/epO+J9tXs/KNH1WfW+Nt9LftKh0o+Hsfdk8w==",
      "dependencies": {
        "@syncfusion/ej2-base": "~19.4.48"
      }
    },
    "node_modules/@syncfusion/ej2-dropdowns": {
      "version": "19.4.48",
      "resolved": "https://registry.npmjs.org/@syncfusion/ej2-dropdowns/-/ej2-dropdowns-19.4.48.tgz",
      "integrity": "sha512-gFC92FYncxAtkexJQjS0zRGOHcawc7zEJRFAxbv9bQcPo2yZTAsaOVV0EoLhtNOAQorDnjCbzgMpE6MIRKL4sg==",
      "dependencies": {
        "@syncfusion/ej2-base": "~19.4.48",
        "@syncfusion/ej2-data": "~19.4.48",
        "@syncfusion/ej2-inputs": "~19.4.48",
        "@syncfusion/ej2-lists": "~19.4.48",
        "@syncfusion/ej2-navigations": "~19.4.48",
        "@syncfusion/ej2-popups": "~19.4.48"
      }
    },
    "node_modules/@syncfusion/ej2-excel-export": {
      "version": "19.4.48",
      "resolved": "https://registry.npmjs.org/@syncfusion/ej2-excel-export/-/ej2-excel-export-19.4.48.tgz",
      "integrity": "sha512-1yLXI6Kbqych3+OeUQIGriJDJR/YsO9cdjYi0M2CtaG0W1WaeTZkocwW0j+fRYC3VMNdGVgEe/pnBZDkXTl4qw==",
      "dependencies": {
        "@syncfusion/ej2-base": "~19.4.48",
        "@syncfusion/ej2-compression": "~19.4.48"
      }
    },
    "node_modules/@syncfusion/ej2-file-utils": {
      "version": "19.4.48",
      "resolved": "https://registry.npmjs.org/@syncfusion/ej2-file-utils/-/ej2-file-utils-19.4.48.tgz",
      "integrity": "sha512-uUODvZMP4Xx6E3tsPOJ6cXLL/u6IADc2qrir5QEc6XeXQIs1NvPh4zGBve0ErEv7p84WZVSQnI0v/h4IFu40GQ=="
    },
    "node_modules/@syncfusion/ej2-icons": {
      "version": "19.4.48",
      "resolved": "https://registry.npmjs.org/@syncfusion/ej2-icons/-/ej2-icons-19.4.48.tgz",
      "integrity": "sha512-aUByOjKgIDx/EZlVW002MPvzPRdqfKG3H1oLUceg3zcOKuw8R/RSqk89VZV8xtCoIoBNFP0M+fJTXPiO1lQWqQ=="
    },
    "node_modules/@syncfusion/ej2-inputs": {
      "version": "19.4.48",
      "resolved": "https://registry.npmjs.org/@syncfusion/ej2-inputs/-/ej2-inputs-19.4.48.tgz",
      "integrity": "sha512-aXubnHmFHvUMxrMGrT8O+4o8WAhQMEIXhiJcTaMKwe2MLBSJZrsNp9kRb/En7f2QFOJZs/uciy1BCJPyfpuhnQ==",
      "dependencies": {
        "@syncfusion/ej2-base": "~19.4.48",
        "@syncfusion/ej2-buttons": "~19.4.48",
        "@syncfusion/ej2-popups": "~19.4.48",
        "@syncfusion/ej2-splitbuttons": "~19.4.48"
      }
    },
    "node_modules/@syncfusion/ej2-lists": {
      "version": "19.4.48",
      "resolved": "https://registry.npmjs.org/@syncfusion/ej2-lists/-/ej2-lists-19.4.48.tgz",
      "integrity": "sha512-hmHn+8BWP9bBKZfyFNDcrseqOcXih2Caaw6KfjoijPj9Zs+DaKvQOo8f3TfuEkWilMVpVkdMoOrc5fhekzKkug==",
      "dependencies": {
        "@syncfusion/ej2-base": "~19.4.48",
        "@syncfusion/ej2-buttons": "~19.4.48",
        "@syncfusion/ej2-data": "~19.4.48"
      }
    },
    "node_modules/@syncfusion/ej2-navigations": {
      "version": "19.4.48",
      "resolved": "https://registry.npmjs.org/@syncfusion/ej2-navigations/-/ej2-navigations-19.4.48.tgz",
      "integrity": "sha512-aR6S9ZKeSu1PmXJeIpiNp5xyXxRG5xlu5E5MYMmKZJbPkCCUZ9soiFx3NfrANf0qyPpLCCpdw9Jlj8Rk+/cwkg==",
      "dependencies": {
        "@syncfusion/ej2-base": "~19.4.48",
        "@syncfusion/ej2-buttons": "~19.4.48",
        "@syncfusion/ej2-data": "~19.4.48",
        "@syncfusion/ej2-inputs": "~19.4.48",
        "@syncfusion/ej2-lists": "~19.4.48",
        "@syncfusion/ej2-popups": "~19.4.48"
      }
    },
    "node_modules/@syncfusion/ej2-popups": {
      "version": "19.4.48",
      "resolved": "https://registry.npmjs.org/@syncfusion/ej2-popups/-/ej2-popups-19.4.48.tgz",
      "integrity": "sha512-o9f+iAve1TbbCE/oNMqolTvrUmIT46LqXwoJg3EKuryh4hveoCODeS4/IyLuIWJXoeoXjgygkkxh2rtnME075A==",
      "dependencies": {
        "@syncfusion/ej2-base": "~19.4.48",
        "@syncfusion/ej2-buttons": "~19.4.48"
      }
    },
    "node_modules/@syncfusion/ej2-react-base": {
      "version": "19.4.48",
      "resolved": "https://registry.npmjs.org/@syncfusion/ej2-react-base/-/ej2-react-base-19.4.48.tgz",
      "integrity": "sha512-MXYh0wES94r++6YMPgWY/hCwdu5G7niqZ87DZrF4t+EUN+Zw8GZG0R51pzgifjwgpOwg/Yqh2Veqo1LVeBLNWw==",
      "dependencies": {
        "@syncfusion/ej2-base": "~19.4.48"
      }
    },
    "node_modules/@syncfusion/ej2-react-schedule": {
      "version": "19.4.48",
      "resolved": "https://registry.npmjs.org/@syncfusion/ej2-react-schedule/-/ej2-react-schedule-19.4.48.tgz",
      "integrity": "sha512-FeWRkHmRqMBNf7M4//6tJ9gDjc48W76dWuP3J2fBHsvlqj+bnjxcFzt7h4KZB/2UxWlUowfV507BHjh07/Rynw==",
      "dependencies": {
        "@syncfusion/ej2-base": "~19.4.48",
        "@syncfusion/ej2-react-base": "~19.4.48",
        "@syncfusion/ej2-schedule": "19.4.48"
      }
    },
    "node_modules/@syncfusion/ej2-schedule": {
      "version": "19.4.48",
      "resolved": "https://registry.npmjs.org/@syncfusion/ej2-schedule/-/ej2-schedule-19.4.48.tgz",
      "integrity": "sha512-4nL5Me8xVwhZ1zwwnX69eQD/d+aq4c9hAHlvqSER6Zwh10gIEs6eh9IZkCBlfhUWDAdUjLORVWJ1bh5xtFiYTw==",
      "dependencies": {
        "@syncfusion/ej2-base": "~19.4.48",
        "@syncfusion/ej2-buttons": "~19.4.48",
        "@syncfusion/ej2-calendars": "~19.4.48",
        "@syncfusion/ej2-data": "~19.4.48",
        "@syncfusion/ej2-dropdowns": "~19.4.48",
        "@syncfusion/ej2-excel-export": "~19.4.48",
        "@syncfusion/ej2-inputs": "~19.4.48",
        "@syncfusion/ej2-lists": "~19.4.48",
        "@syncfusion/ej2-navigations": "~19.4.48",
        "@syncfusion/ej2-popups": "~19.4.48"
      }
    },
    "node_modules/@syncfusion/ej2-splitbuttons": {
      "version": "19.4.48",
      "resolved": "https://registry.npmjs.org/@syncfusion/ej2-splitbuttons/-/ej2-splitbuttons-19.4.48.tgz",
      "integrity": "sha512-q1xI7wXIcoNclkYsln/MsET9BLwPzIYIMu2mVlue/XLGrQqgZHe94AId3+E0muF3i6CHY7FY7J1ux6AM1CFkuQ==",
      "dependencies": {
        "@syncfusion/ej2-base": "~19.4.48",
        "@syncfusion/ej2-popups": "~19.4.48"
      }
    }
  },
  "dependencies": {
    "@syncfusion/ej2-base": {
      "version": "19.4.48",
      "resolved": "https://registry.npmjs.org/@syncfusion/ej2-base/-/ej2-base-19.4.48.tgz",
      "integrity": "sha512-DQ9YXjJoSIM60rTriUJKTkMAACOsW8PTw5hPgujFSPKmLJW1h0jEDFLNvSqyyi0IaDAlStcu+dWrp+mMtaDD9Q==",
      "requires": {
        "@syncfusion/ej2-icons": "~19.4.48"
      }
    },
    "@syncfusion/ej2-buttons": {
      "version": "19.4.48",
      "resolved": "https://registry.npmjs.org/@syncfusion/ej2-buttons/-/ej2-buttons-19.4.48.tgz",
      "integrity": "sha512-846HQBp4Om6GT1Er6jjv36PafQBKCjqXg/65bHb1cq7nuvk3UMwOJSGc0J6AqGzcqsa2oCMPejtBx+UshxMymQ==",
      "requires": {
        "@syncfusion/ej2-base": "~19.4.48"
      }
    },
    "@syncfusion/ej2-calendars": {
      "version": "19.4.48",
      "resolved": "https://registry.npmjs.org/@syncfusion/ej2-calendars/-/ej2-calendars-19.4.48.tgz",
      "integrity": "sha512-X1ox3rybaIBsRtri4AwDb+smF/msD8xJTEjurQVB/aWMJ1008hK+zvXecManW/S/mz4d8Od/++G5XI71JDQMyg==",
      "requires": {
        "@syncfusion/ej2-base": "~19.4.48",
        "@syncfusion/ej2-buttons": "~19.4.48",
        "@syncfusion/ej2-inputs": "~19.4.48",
        "@syncfusion/ej2-lists": "~19.4.48",
        "@syncfusion/ej2-popups": "~19.4.48"
      }
    },
    "@syncfusion/ej2-compression": {
      "version": "19.4.48",
      "resolved": "https://registry.npmjs.org/@syncfusion/ej2-compression/-/ej2-compression-19.4.48.tgz",
      "integrity": "sha512-fx450+5e8K9QVEHJSvOelPfFzpTB8sPcztb+97sBDHWw/KG54cNbd2NZb0xX+c9w1F40F0EclhNPFj/oO/NHsQ==",
      "requires": {
        "@syncfusion/ej2-file-utils": "~19.4.48"
      }
    },
    "@syncfusion/ej2-data": {
      "version": "19.4.48",
      "resolved": "https://registry.npmjs.org/@syncfusion/ej2-data/-/ej2-data-19.4.48.tgz",
      "integrity": "sha512-cLRqDSuddCPFgqCtoNa0Al9BBGyH5eDiGtgnRbxjhnETkFmND/epO+J9tXs/KNH1WfW+Nt9LftKh0o+Hsfdk8w==",
      "requires": {
        "@syncfusion/ej2-base": "~19.4.48"
      }
    },
    "@syncfusion/ej2-dropdowns": {
      "version": "19.4.48",
      "resolved": "https://registry.npmjs.org/@syncfusion/ej2-dropdowns/-/ej2-dropdowns-19.4.48.tgz",
      "integrity": "sha512-gFC92FYncxAtkexJQjS0zRGOHcawc7zEJRFAxbv9bQcPo2yZTAsaOVV0EoLhtNOAQorDnjCbzgMpE6MIRKL4sg==",
      "requires": {
        "@syncfusion/ej2-base": "~19.4.48",
        "@syncfusion/ej2-data": "~19.4.48",
        "@syncfusion/ej2-inputs": "~19.4.48",
        "@syncfusion/ej2-lists": "~19.4.48",
        "@syncfusion/ej2-navigations": "~19.4.48",
        "@syncfusion/ej2-popups": "~19.4.48"
      }
    },
    "@syncfusion/ej2-excel-export": {
      "version": "19.4.48",
      "resolved": "https://registry.npmjs.org/@syncfusion/ej2-excel-export/-/ej2-excel-export-19.4.48.tgz",
      "integrity": "sha512-1yLXI6Kbqych3+OeUQIGriJDJR/YsO9cdjYi0M2CtaG0W1WaeTZkocwW0j+fRYC3VMNdGVgEe/pnBZDkXTl4qw==",
      "requires": {
        "@syncfusion/ej2-base": "~19.4.48",
        "@syncfusion/ej2-compression": "~19.4.48"
      }
    },
    "@syncfusion/ej2-file-utils": {
      "version": "19.4.48",
      "resolved": "https://registry.npmjs.org/@syncfusion/ej2-file-utils/-/ej2-file-utils-19.4.48.tgz",
      "integrity": "sha512-uUODvZMP4Xx6E3tsPOJ6cXLL/u6IADc2qrir5QEc6XeXQIs1NvPh4zGBve0ErEv7p84WZVSQnI0v/h4IFu40GQ=="
    },
    "@syncfusion/ej2-icons": {
      "version": "19.4.48",
      "resolved": "https://registry.npmjs.org/@syncfusion/ej2-icons/-/ej2-icons-19.4.48.tgz",
      "integrity": "sha512-aUByOjKgIDx/EZlVW002MPvzPRdqfKG3H1oLUceg3zcOKuw8R/RSqk89VZV8xtCoIoBNFP0M+fJTXPiO1lQWqQ=="
    },
    "@syncfusion/ej2-inputs": {
      "version": "19.4.48",
      "resolved": "https://registry.npmjs.org/@syncfusion/ej2-inputs/-/ej2-inputs-19.4.48.tgz",
      "integrity": "sha512-aXubnHmFHvUMxrMGrT8O+4o8WAhQMEIXhiJcTaMKwe2MLBSJZrsNp9kRb/En7f2QFOJZs/uciy1BCJPyfpuhnQ==",
      "requires": {
        "@syncfusion/ej2-base": "~19.4.48",
        "@syncfusion/ej2-buttons": "~19.4.48",
        "@syncfusion/ej2-popups": "~19.4.48",
        "@syncfusion/ej2-splitbuttons": "~19.4.48"
      }
    },
    "@syncfusion/ej2-lists": {
      "version": "19.4.48",
      "resolved": "https://registry.npmjs.org/@syncfusion/ej2-lists/-/ej2-lists-19.4.48.tgz",
      "integrity": "sha512-hmHn+8BWP9bBKZfyFNDcrseqOcXih2Caaw6KfjoijPj9Zs+DaKvQOo8f3TfuEkWilMVpVkdMoOrc5fhekzKkug==",
      "requires": {
        "@syncfusion/ej2-base": "~19.4.48",
        "@syncfusion/ej2-buttons": "~19.4.48",
        "@syncfusion/ej2-data": "~19.4.48"
      }
    },
    "@syncfusion/ej2-navigations": {
      "version": "19.4.48",
      "resolved": "https://registry.npmjs.org/@syncfusion/ej2-navigations/-/ej2-navigations-19.4.48.tgz",
      "integrity": "sha512-aR6S9ZKeSu1PmXJeIpiNp5xyXxRG5xlu5E5MYMmKZJbPkCCUZ9soiFx3NfrANf0qyPpLCCpdw9Jlj8Rk+/cwkg==",
      "requires": {
        "@syncfusion/ej2-base": "~19.4.48",
        "@syncfusion/ej2-buttons": "~19.4.48",
        "@syncfusion/ej2-data": "~19.4.48",
        "@syncfusion/ej2-inputs": "~19.4.48",
        "@syncfusion/ej2-lists": "~19.4.48",
        "@syncfusion/ej2-popups": "~19.4.48"
      }
    },
    "@syncfusion/ej2-popups": {
      "version": "19.4.48",
      "resolved": "https://registry.npmjs.org/@syncfusion/ej2-popups/-/ej2-popups-19.4.48.tgz",
      "integrity": "sha512-o9f+iAve1TbbCE/oNMqolTvrUmIT46LqXwoJg3EKuryh4hveoCODeS4/IyLuIWJXoeoXjgygkkxh2rtnME075A==",
      "requires": {
        "@syncfusion/ej2-base": "~19.4.48",
        "@syncfusion/ej2-buttons": "~19.4.48"
      }
    },
    "@syncfusion/ej2-react-base": {
      "version": "19.4.48",
      "resolved": "https://registry.npmjs.org/@syncfusion/ej2-react-base/-/ej2-react-base-19.4.48.tgz",
      "integrity": "sha512-MXYh0wES94r++6YMPgWY/hCwdu5G7niqZ87DZrF4t+EUN+Zw8GZG0R51pzgifjwgpOwg/Yqh2Veqo1LVeBLNWw==",
      "requires": {
        "@syncfusion/ej2-base": "~19.4.48"
      }
    },
    "@syncfusion/ej2-react-schedule": {
      "version": "19.4.48",
      "resolved": "https://registry.npmjs.org/@syncfusion/ej2-react-schedule/-/ej2-react-schedule-19.4.48.tgz",
      "integrity": "sha512-FeWRkHmRqMBNf7M4//6tJ9gDjc48W76dWuP3J2fBHsvlqj+bnjxcFzt7h4KZB/2UxWlUowfV507BHjh07/Rynw==",
      "requires": {
        "@syncfusion/ej2-base": "~19.4.48",
        "@syncfusion/ej2-react-base": "~19.4.48",
        "@syncfusion/ej2-schedule": "19.4.48"
      }
    },
    "@syncfusion/ej2-schedule": {
      "version": "19.4.48",
      "resolved": "https://registry.npmjs.org/@syncfusion/ej2-schedule/-/ej2-schedule-19.4.48.tgz",
      "integrity": "sha512-4nL5Me8xVwhZ1zwwnX69eQD/d+aq4c9hAHlvqSER6Zwh10gIEs6eh9IZkCBlfhUWDAdUjLORVWJ1bh5xtFiYTw==",
      "requires": {
        "@syncfusion/ej2-base": "~19.4.48",
        "@syncfusion/ej2-buttons": "~19.4.48",
        "@syncfusion/ej2-calendars": "~19.4.48",
        "@syncfusion/ej2-data": "~19.4.48",
        "@syncfusion/ej2-dropdowns": "~19.4.48",
        "@syncfusion/ej2-excel-export": "~19.4.48",
        "@syncfusion/ej2-inputs": "~19.4.48",
        "@syncfusion/ej2-lists": "~19.4.48",
        "@syncfusion/ej2-navigations": "~19.4.48",
        "@syncfusion/ej2-popups": "~19.4.48"
      }
    },
    "@syncfusion/ej2-splitbuttons": {
      "version": "19.4.48",
      "resolved": "https://registry.npmjs.org/@syncfusion/ej2-splitbuttons/-/ej2-splitbuttons-19.4.48.tgz",
      "integrity": "sha512-q1xI7wXIcoNclkYsln/MsET9BLwPzIYIMu2mVlue/XLGrQqgZHe94AId3+E0muF3i6CHY7FY7J1ux6AM1CFkuQ==",
      "requires": {
        "@syncfusion/ej2-base": "~19.4.48",
        "@syncfusion/ej2-popups": "~19.4.48"
      }
    }
  }
}
